{
  "name": "experiment",
  "lockfileVersion": 3,
  "requires": true,
  "packages": {
    "": {
      "name": "experiment",
      "devDependencies": {
        "prettier": "^2.8.8",
        "prettier-plugin-prisma": "^4.13.0"
      }
    },
    "node_modules/@prisma/prisma-fmt-wasm": {
      "version": "4.13.0-52.integration-mobc-upstream-d100a9299fcb9cffb064301998e9a94ce2722c49",
      "resolved": "https://registry.npmmirror.com/@prisma/prisma-fmt-wasm/-/prisma-fmt-wasm-4.13.0-52.integration-mobc-upstream-d100a9299fcb9cffb064301998e9a94ce2722c49.tgz",
      "integrity": "sha512-12dZRXW36s3hRHLeD8c4S3o1ZZcnFt1NxhBrSlYepnMxatfkj5S8aIDP/G+zzUqucB//kGZZWNX3eUcmxMsEqw==",
      "dev": true
    },
    "node_modules/prettier": {
      "version": "2.8.8",
      "resolved": "https://registry.npmmirror.com/prettier/-/prettier-2.8.8.tgz",
      "integrity": "sha512-tdN8qQGvNjw4CHbY+XXk0JgCXn9QiF21a55rBe5LJAU+kDyC4WQn4+awm2Xfk2lQMk5fKup9XgzTZtGkjBdP9Q==",
      "dev": true,
      "bin": {
        "prettier": "bin-prettier.js"
      },
      "engines": {
        "node": ">=10.13.0"
      }
    },
    "node_modules/prettier-plugin-prisma": {
      "version": "4.13.0",
      "resolved": "https://registry.npmmirror.com/prettier-plugin-prisma/-/prettier-plugin-prisma-4.13.0.tgz",
      "integrity": "sha512-bnOWoQTVXM9VWBErPGE6rVgI8kCQts+DMQolg7Sj/Q0/oAlpDYOhce4ljQKf5BhJW061yrB3+CRVps6tNcUkQg==",
      "dev": true,
      "dependencies": {
        "@prisma/prisma-fmt-wasm": "4.13.0-52.integration-mobc-upstream-d100a9299fcb9cffb064301998e9a94ce2722c49"
      },
      "engines": {
        "node": ">=14",
        "npm": ">=8"
      },
      "peerDependencies": {
        "prettier": ">=2"
      }
    }
  }
}
